// !$*UTF8*$!
{
	archiveVersion = 1;
	classes = {
	};
	objectVersion = 46;
	objects = {

/* Begin PBXBuildFile section */
		C0423FF31A3EAE4C00AE1794 /* CWWebServicesManager.m in Sources */ = {isa = PBXBuildFile; fileRef = C0423FF21A3EAE4C00AE1794 /* CWWebServicesManager.m */; };
		C0423FF41A3EAE4C00AE1794 /* CWWebServicesManager.m in Sources */ = {isa = PBXBuildFile; fileRef = C0423FF21A3EAE4C00AE1794 /* CWWebServicesManager.m */; };
		C0423FF71A3EB0AE00AE1794 /* CWWord.m in Sources */ = {isa = PBXBuildFile; fileRef = C0423FF61A3EB0AE00AE1794 /* CWWord.m */; };
		C0423FF81A3EB0AE00AE1794 /* CWWord.m in Sources */ = {isa = PBXBuildFile; fileRef = C0423FF61A3EB0AE00AE1794 /* CWWord.m */; };
		C07C3D381A361F5000B78E9F /* main.m in Sources */ = {isa = PBXBuildFile; fileRef = C07C3D371A361F5000B78E9F /* main.m */; };
		C07C3D3B1A361F5000B78E9F /* AppDelegate.m in Sources */ = {isa = PBXBuildFile; fileRef = C07C3D3A1A361F5000B78E9F /* AppDelegate.m */; };
		C07C3D3E1A361F5000B78E9F /* MasterViewController.m in Sources */ = {isa = PBXBuildFile; fileRef = C07C3D3D1A361F5000B78E9F /* MasterViewController.m */; };
		C07C3D411A361F5000B78E9F /* DetailViewController.m in Sources */ = {isa = PBXBuildFile; fileRef = C07C3D401A361F5000B78E9F /* DetailViewController.m */; };
		C07C3D441A361F5000B78E9F /* Main.storyboard in Resources */ = {isa = PBXBuildFile; fileRef = C07C3D421A361F5000B78E9F /* Main.storyboard */; };
		C07C3D461A361F5000B78E9F /* Images.xcassets in Resources */ = {isa = PBXBuildFile; fileRef = C07C3D451A361F5000B78E9F /* Images.xcassets */; };
		C07C3D491A361F5000B78E9F /* LaunchScreen.xib in Resources */ = {isa = PBXBuildFile; fileRef = C07C3D471A361F5000B78E9F /* LaunchScreen.xib */; };
		C07C3D551A361F5000B78E9F /* CapitolWordsTests.m in Sources */ = {isa = PBXBuildFile; fileRef = C07C3D541A361F5000B78E9F /* CapitolWordsTests.m */; };
/* End PBXBuildFile section */

/* Begin PBXContainerItemProxy section */
		C07C3D4F1A361F5000B78E9F /* PBXContainerItemProxy */ = {
			isa = PBXContainerItemProxy;
			containerPortal = C07C3D2A1A361F5000B78E9F /* Project object */;
			proxyType = 1;
			remoteGlobalIDString = C07C3D311A361F5000B78E9F;
			remoteInfo = CapitolWords;
		};
/* End PBXContainerItemProxy section */

/* Begin PBXFileReference section */
		C0423FF11A3EAE4C00AE1794 /* CWWebServicesManager.h */ = {isa = PBXFileReference; fileEncoding = 4; lastKnownFileType = sourcecode.c.h; path = CWWebServicesManager.h; sourceTree = "<group>"; };
		C0423FF21A3EAE4C00AE1794 /* CWWebServicesManager.m */ = {isa = PBXFileReference; fileEncoding = 4; lastKnownFileType = sourcecode.c.objc; path = CWWebServicesManager.m; sourceTree = "<group>"; };
		C0423FF51A3EB0AE00AE1794 /* CWWord.h */ = {isa = PBXFileReference; fileEncoding = 4; lastKnownFileType = sourcecode.c.h; path = CWWord.h; sourceTree = "<group>"; };
		C0423FF61A3EB0AE00AE1794 /* CWWord.m */ = {isa = PBXFileReference; fileEncoding = 4; lastKnownFileType = sourcecode.c.objc; path = CWWord.m; sourceTree = "<group>"; };
		C0606C3A1A40FE2F0045A1D5 /* MySecretAPIKey.h */ = {isa = PBXFileReference; fileEncoding = 4; lastKnownFileType = sourcecode.c.h; path = MySecretAPIKey.h; sourceTree = "<group>"; };
		C07C3D321A361F5000B78E9F /* CapitolWords.app */ = {isa = PBXFileReference; explicitFileType = wrapper.application; includeInIndex = 0; path = CapitolWords.app; sourceTree = BUILT_PRODUCTS_DIR; };
		C07C3D361A361F5000B78E9F /* Info.plist */ = {isa = PBXFileReference; lastKnownFileType = text.plist.xml; path = Info.plist; sourceTree = "<group>"; };
		C07C3D371A361F5000B78E9F /* main.m */ = {isa = PBXFileReference; lastKnownFileType = sourcecode.c.objc; path = main.m; sourceTree = "<group>"; };
		C07C3D391A361F5000B78E9F /* AppDelegate.h */ = {isa = PBXFileReference; lastKnownFileType = sourcecode.c.h; path = AppDelegate.h; sourceTree = "<group>"; };
		C07C3D3A1A361F5000B78E9F /* AppDelegate.m */ = {isa = PBXFileReference; lastKnownFileType = sourcecode.c.objc; path = AppDelegate.m; sourceTree = "<group>"; };
		C07C3D3C1A361F5000B78E9F /* MasterViewController.h */ = {isa = PBXFileReference; lastKnownFileType = sourcecode.c.h; path = MasterViewController.h; sourceTree = "<group>"; };
		C07C3D3D1A361F5000B78E9F /* MasterViewController.m */ = {isa = PBXFileReference; lastKnownFileType = sourcecode.c.objc; path = MasterViewController.m; sourceTree = "<group>"; };
		C07C3D3F1A361F5000B78E9F /* DetailViewController.h */ = {isa = PBXFileReference; lastKnownFileType = sourcecode.c.h; path = DetailViewController.h; sourceTree = "<group>"; };
		C07C3D401A361F5000B78E9F /* DetailViewController.m */ = {isa = PBXFileReference; lastKnownFileType = sourcecode.c.objc; path = DetailViewController.m; sourceTree = "<group>"; };
		C07C3D431A361F5000B78E9F /* Base */ = {isa = PBXFileReference; lastKnownFileType = file.storyboard; name = Base; path = Base.lproj/Main.storyboard; sourceTree = "<group>"; };
		C07C3D451A361F5000B78E9F /* Images.xcassets */ = {isa = PBXFileReference; lastKnownFileType = folder.assetcatalog; path = Images.xcassets; sourceTree = "<group>"; };
		C07C3D481A361F5000B78E9F /* Base */ = {isa = PBXFileReference; lastKnownFileType = file.xib; name = Base; path = Base.lproj/LaunchScreen.xib; sourceTree = "<group>"; };
		C07C3D4E1A361F5000B78E9F /* CapitolWordsTests.xctest */ = {isa = PBXFileReference; explicitFileType = wrapper.cfbundle; includeInIndex = 0; path = CapitolWordsTests.xctest; sourceTree = BUILT_PRODUCTS_DIR; };
		C07C3D531A361F5000B78E9F /* Info.plist */ = {isa = PBXFileReference; lastKnownFileType = text.plist.xml; path = Info.plist; sourceTree = "<group>"; };
		C07C3D541A361F5000B78E9F /* CapitolWordsTests.m */ = {isa = PBXFileReference; lastKnownFileType = sourcecode.c.objc; path = CapitolWordsTests.m; sourceTree = "<group>"; };
/* End PBXFileReference section */

/* Begin PBXFrameworksBuildPhase section */
		C07C3D2F1A361F5000B78E9F /* Frameworks */ = {
			isa = PBXFrameworksBuildPhase;
			buildActionMask = 2147483647;
			files = (
			);
			runOnlyForDeploymentPostprocessing = 0;
		};
		C07C3D4B1A361F5000B78E9F /* Frameworks */ = {
			isa = PBXFrameworksBuildPhase;
			buildActionMask = 2147483647;
			files = (
			);
			runOnlyForDeploymentPostprocessing = 0;
		};
/* End PBXFrameworksBuildPhase section */

/* Begin PBXGroup section */
		C0423FF01A3EA62A00AE1794 /* Web Services */ = {
			isa = PBXGroup;
			children = (
				C0606C3A1A40FE2F0045A1D5 /* MySecretAPIKey.h */,
				C0423FF11A3EAE4C00AE1794 /* CWWebServicesManager.h */,
				C0423FF21A3EAE4C00AE1794 /* CWWebServicesManager.m */,
				C0423FF51A3EB0AE00AE1794 /* CWWord.h */,
				C0423FF61A3EB0AE00AE1794 /* CWWord.m */,
			);
			name = "Web Services";
			sourceTree = "<group>";
		};
		C07C3D291A361F5000B78E9F = {
			isa = PBXGroup;
			children = (
				C0423FF01A3EA62A00AE1794 /* Web Services */,
				C07C3D341A361F5000B78E9F /* CapitolWords */,
				C07C3D511A361F5000B78E9F /* CapitolWordsTests */,
				C07C3D331A361F5000B78E9F /* Products */,
			);
			sourceTree = "<group>";
		};
		C07C3D331A361F5000B78E9F /* Products */ = {
			isa = PBXGroup;
			children = (
				C07C3D321A361F5000B78E9F /* CapitolWords.app */,
				C07C3D4E1A361F5000B78E9F /* CapitolWordsTests.xctest */,
			);
			name = Products;
			sourceTree = "<group>";
		};
		C07C3D341A361F5000B78E9F /* CapitolWords */ = {
			isa = PBXGroup;
			children = (
				C07C3D3F1A361F5000B78E9F /* DetailViewController.h */,
				C07C3D401A361F5000B78E9F /* DetailViewController.m */,
				C07C3D3C1A361F5000B78E9F /* MasterViewController.h */,
				C07C3D3D1A361F5000B78E9F /* MasterViewController.m */,
				C07C3D391A361F5000B78E9F /* AppDelegate.h */,
				C07C3D3A1A361F5000B78E9F /* AppDelegate.m */,
				C07C3D421A361F5000B78E9F /* Main.storyboard */,
				C07C3D451A361F5000B78E9F /* Images.xcassets */,
				C07C3D471A361F5000B78E9F /* LaunchScreen.xib */,
				C07C3D351A361F5000B78E9F /* Supporting Files */,
			);
			path = CapitolWords;
			sourceTree = "<group>";
		};
		C07C3D351A361F5000B78E9F /* Supporting Files */ = {
			isa = PBXGroup;
			children = (
				C07C3D361A361F5000B78E9F /* Info.plist */,
				C07C3D371A361F5000B78E9F /* main.m */,
			);
			name = "Supporting Files";
			sourceTree = "<group>";
		};
		C07C3D511A361F5000B78E9F /* CapitolWordsTests */ = {
			isa = PBXGroup;
			children = (
				C07C3D541A361F5000B78E9F /* CapitolWordsTests.m */,
				C07C3D521A361F5000B78E9F /* Supporting Files */,
			);
			path = CapitolWordsTests;
			sourceTree = "<group>";
		};
		C07C3D521A361F5000B78E9F /* Supporting Files */ = {
			isa = PBXGroup;
			children = (
				C07C3D531A361F5000B78E9F /* Info.plist */,
			);
			name = "Supporting Files";
			sourceTree = "<group>";
		};
/* End PBXGroup section */

/* Begin PBXNativeTarget section */
		C07C3D311A361F5000B78E9F /* CapitolWords */ = {
			isa = PBXNativeTarget;
			buildConfigurationList = C07C3D581A361F5000B78E9F /* Build configuration list for PBXNativeTarget "CapitolWords" */;
			buildPhases = (
				C07C3D2E1A361F5000B78E9F /* Sources */,
				C07C3D2F1A361F5000B78E9F /* Frameworks */,
				C07C3D301A361F5000B78E9F /* Resources */,
			);
			buildRules = (
			);
			dependencies = (
			);
			name = CapitolWords;
			productName = CapitolWords;
			productReference = C07C3D321A361F5000B78E9F /* CapitolWords.app */;
			productType = "com.apple.product-type.application";
		};
		C07C3D4D1A361F5000B78E9F /* CapitolWordsTests */ = {
			isa = PBXNativeTarget;
			buildConfigurationList = C07C3D5B1A361F5000B78E9F /* Build configuration list for PBXNativeTarget "CapitolWordsTests" */;
			buildPhases = (
				C07C3D4A1A361F5000B78E9F /* Sources */,
				C07C3D4B1A361F5000B78E9F /* Frameworks */,
				C07C3D4C1A361F5000B78E9F /* Resources */,
			);
			buildRules = (
			);
			dependencies = (
				C07C3D501A361F5000B78E9F /* PBXTargetDependency */,
			);
			name = CapitolWordsTests;
			productName = CapitolWordsTests;
			productReference = C07C3D4E1A361F5000B78E9F /* CapitolWordsTests.xctest */;
			productType = "com.apple.product-type.bundle.unit-test";
		};
/* End PBXNativeTarget section */

/* Begin PBXProject section */
		C07C3D2A1A361F5000B78E9F /* Project object */ = {
			isa = PBXProject;
			attributes = {
				LastUpgradeCheck = 0610;
				ORGANIZATIONNAME = "Carticipate, Inc.";
				TargetAttributes = {
					C07C3D311A361F5000B78E9F = {
						CreatedOnToolsVersion = 6.1.1;
					};
					C07C3D4D1A361F5000B78E9F = {
						CreatedOnToolsVersion = 6.1.1;
						TestTargetID = C07C3D311A361F5000B78E9F;
					};
				};
			};
			buildConfigurationList = C07C3D2D1A361F5000B78E9F /* Build configuration list for PBXProject "CapitolWords" */;
			compatibilityVersion = "Xcode 3.2";
			developmentRegion = English;
			hasScannedForEncodings = 0;
			knownRegions = (
				en,
				Base,
			);
			mainGroup = C07C3D291A361F5000B78E9F;
			productRefGroup = C07C3D331A361F5000B78E9F /* Products */;
			projectDirPath = "";
			projectRoot = "";
			targets = (
				C07C3D311A361F5000B78E9F /* CapitolWords */,
				C07C3D4D1A361F5000B78E9F /* CapitolWordsTests */,
			);
		};
/* End PBXProject section */

/* Begin PBXResourcesBuildPhase section */
		C07C3D301A361F5000B78E9F /* Resources */ = {
			isa = PBXResourcesBuildPhase;
			buildActionMask = 2147483647;
			files = (
				C07C3D441A361F5000B78E9F /* Main.storyboard in Resources */,
				C07C3D491A361F5000B78E9F /* LaunchScreen.xib in Resources */,
				C07C3D461A361F5000B78E9F /* Images.xcassets in Resources */,
			);
			runOnlyForDeploymentPostprocessing = 0;
		};
		C07C3D4C1A361F5000B78E9F /* Resources */ = {
			isa = PBXResourcesBuildPhase;
			buildActionMask = 2147483647;
			files = (
			);
			runOnlyForDeploymentPostprocessing = 0;
		};
/* End PBXResourcesBuildPhase section */

/* Begin PBXSourcesBuildPhase section */
		C07C3D2E1A361F5000B78E9F /* Sources */ = {
			isa = PBXSourcesBuildPhase;
			buildActionMask = 2147483647;
			files = (
				C07C3D3B1A361F5000B78E9F /* AppDelegate.m in Sources */,
				C0423FF71A3EB0AE00AE1794 /* CWWord.m in Sources */,
				C07C3D3E1A361F5000B78E9F /* MasterViewController.m in Sources */,
				C07C3D381A361F5000B78E9F /* main.m in Sources */,
				C07C3D411A361F5000B78E9F /* DetailViewController.m in Sources */,
				C0423FF31A3EAE4C00AE1794 /* CWWebServicesManager.m in Sources */,
			);
			runOnlyForDeploymentPostprocessing = 0;
		};
		C07C3D4A1A361F5000B78E9F /* Sources */ = {
			isa = PBXSourcesBuildPhase;
			buildActionMask = 2147483647;
			files = (
				C0423FF41A3EAE4C00AE1794 /* CWWebServicesManager.m in Sources */,
				C0423FF81A3EB0AE00AE1794 /* CWWord.m in Sources */,
				C07C3D551A361F5000B78E9F /* CapitolWordsTests.m in Sources */,
			);
			runOnlyForDeploymentPostprocessing = 0;
		};
/* End PBXSourcesBuildPhase section */

/* Begin PBXTargetDependency section */
		C07C3D501A361F5000B78E9F /* PBXTargetDependency */ = {
			isa = PBXTargetDependency;
			target = C07C3D311A361F5000B78E9F /* CapitolWords */;
			targetProxy = C07C3D4F1A361F5000B78E9F /* PBXContainerItemProxy */;
		};
/* End PBXTargetDependency section */

/* Begin PBXVariantGroup section */
		C07C3D421A361F5000B78E9F /* Main.storyboard */ = {
			isa = PBXVariantGroup;
			children = (
				C07C3D431A361F5000B78E9F /* Base */,
			);
			name = Main.storyboard;
			sourceTree = "<group>";
		};
		C07C3D471A361F5000B78E9F /* LaunchScreen.xib */ = {
			isa = PBXVariantGroup;
			children = (
				C07C3D481A361F5000B78E9F /* Base */,
			);
			name = LaunchScreen.xib;
			sourceTree = "<group>";
		};
/* End PBXVariantGroup section */

/* Begin XCBuildConfiguration section */
		C07C3D561A361F5000B78E9F /* Debug */ = {
			isa = XCBuildConfiguration;
			buildSettings = {
				ALWAYS_SEARCH_USER_PATHS = NO;
				CLANG_CXX_LANGUAGE_STANDARD = "gnu++0x";
				CLANG_CXX_LIBRARY = "libc++";
				CLANG_ENABLE_MODULES = YES;
				CLANG_ENABLE_OBJC_ARC = YES;
				CLANG_WARN_BOOL_CONVERSION = YES;
				CLANG_WARN_CONSTANT_CONVERSION = YES;
				CLANG_WARN_DIRECT_OBJC_ISA_USAGE = YES_ERROR;
				CLANG_WARN_EMPTY_BODY = YES;
				CLANG_WARN_ENUM_CONVERSION = YES;
				CLANG_WARN_INT_CONVERSION = YES;
				CLANG_WARN_OBJC_ROOT_CLASS = YES_ERROR;
				CLANG_WARN_UNREACHABLE_CODE = YES;
				CLANG_WARN__DUPLICATE_METHOD_MATCH = YES;
				"CODE_SIGN_IDENTITY[sdk=iphoneos*]" = "iPhone Developer";
				COPY_PHASE_STRIP = NO;
				ENABLE_STRICT_OBJC_MSGSEND = YES;
				GCC_C_LANGUAGE_STANDARD = gnu99;
				GCC_DYNAMIC_NO_PIC = NO;
				GCC_OPTIMIZATION_LEVEL = 0;
				GCC_PREPROCESSOR_DEFINITIONS = (
					"DEBUG=1",
					"$(inherited)",
				);
				GCC_SYMBOLS_PRIVATE_EXTERN = NO;
				GCC_WARN_64_TO_32_BIT_CONVERSION = YES;
				GCC_WARN_ABOUT_RETURN_TYPE = YES_ERROR;
				GCC_WARN_UNDECLARED_SELECTOR = YES;
				GCC_WARN_UNINITIALIZED_AUTOS = YES_AGGRESSIVE;
				GCC_WARN_UNUSED_FUNCTION = YES;
				GCC_WARN_UNUSED_VARIABLE = YES;
				IPHONEOS_DEPLOYMENT_TARGET = 8.1;
				MTL_ENABLE_DEBUG_INFO = YES;
				ONLY_ACTIVE_ARCH = YES;
				SDKROOT = iphoneos;
				TARGETED_DEVICE_FAMILY = "1,2";
			};
			name = Debug;
		};
		C07C3D571A361F5000B78E9F /* Release */ = {
			isa = XCBuildConfiguration;
			buildSettings = {
				ALWAYS_SEARCH_USER_PATHS = NO;
				CLANG_CXX_LANGUAGE_STANDARD = "gnu++0x";
				CLANG_CXX_LIBRARY = "libc++";
				CLANG_ENABLE_MODULES = YES;
				CLANG_ENABLE_OBJC_ARC = YES;
				CLANG_WARN_BOOL_CONVERSION = YES;
				CLANG_WARN_CONSTANT_CONVERSION = YES;
				CLANG_WARN_DIRECT_OBJC_ISA_USAGE = YES_ERROR;
				CLANG_WARN_EMPTY_BODY = YES;
				CLANG_WARN_ENUM_CONVERSION = YES;
				CLANG_WARN_INT_CONVERSION = YES;
				CLANG_WARN_OBJC_ROOT_CLASS = YES_ERROR;
				CLANG_WARN_UNREACHABLE_CODE = YES;
				CLANG_WARN__DUPLICATE_METHOD_MATCH = YES;
				"CODE_SIGN_IDENTITY[sdk=iphoneos*]" = "iPhone Developer";
				COPY_PHASE_STRIP = YES;
				ENABLE_NS_ASSERTIONS = NO;
				ENABLE_STRICT_OBJC_MSGSEND = YES;
				GCC_C_LANGUAGE_STANDARD = gnu99;
				GCC_WARN_64_TO_32_BIT_CONVERSION = YES;
				GCC_WARN_ABOUT_RETURN_TYPE = YES_ERROR;
				GCC_WARN_UNDECLARED_SELECTOR = YES;
				GCC_WARN_UNINITIALIZED_AUTOS = YES_AGGRESSIVE;
				GCC_WARN_UNUSED_FUNCTION = YES;
				GCC_WARN_UNUSED_VARIABLE = YES;
				IPHONEOS_DEPLOYMENT_TARGET = 8.1;
				MTL_ENABLE_DEBUG_INFO = NO;
				SDKROOT = iphoneos;
				TARGETED_DEVICE_FAMILY = "1,2";
				VALIDATE_PRODUCT = YES;
			};
			name = Release;
		};
		C07C3D591A361F5000B78E9F /* Debug */ = {
			isa = XCBuildConfiguration;
			buildSettings = {
				ASSETCATALOG_COMPILER_APPICON_NAME = AppIcon;
				INFOPLIST_FILE = CapitolWords/Info.plist;
				LD_RUNPATH_SEARCH_PATHS = "$(inherited) @executable_path/Frameworks";
				PRODUCT_NAME = "$(TARGET_NAME)";
			};
			name = Debug;
		};
		C07C3D5A1A361F5000B78E9F /* Release */ = {
			isa = XCBuildConfiguration;
			buildSettings = {
				ASSETCATALOG_COMPILER_APPICON_NAME = AppIcon;
				INFOPLIST_FILE = CapitolWords/Info.plist;
				LD_RUNPATH_SEARCH_PATHS = "$(inherited) @executable_path/Frameworks";
				PRODUCT_NAME = "$(TARGET_NAME)";
			};
			name = Release;
		};
		C07C3D5C1A361F5000B78E9F /* Debug */ = {
			isa = XCBuildConfiguration;
			buildSettings = {
				BUNDLE_LOADER = "$(TEST_HOST)";
				FRAMEWORK_SEARCH_PATHS = (
					"$(SDKROOT)/Developer/Library/Frameworks",
					"$(inherited)",
				);
				GCC_PREPROCESSOR_DEFINITIONS = (
					"DEBUG=1",
					"$(inherited)",
				);
				INFOPLIST_FILE = CapitolWordsTests/Info.plist;
				LD_RUNPATH_SEARCH_PATHS = "$(inherited) @executable_path/Frameworks @loader_path/Frameworks";
				PRODUCT_NAME = "$(TARGET_NAME)";
				TEST_HOST = "$(BUILT_PRODUCTS_DIR)/CapitolWords.app/CapitolWords";
			};
			name = Debug;
		};
		C07C3D5D1A361F5000B78E9F /* Release */ = {
			isa = XCBuildConfiguration;
			buildSettings = {
				BUNDLE_LOADER = "$(TEST_HOST)";
				FRAMEWORK_SEARCH_PATHS = (
					"$(SDKROOT)/Developer/Library/Frameworks",
					"$(inherited)",
				);
				INFOPLIST_FILE = CapitolWordsTests/Info.plist;
				LD_RUNPATH_SEARCH_PATHS = "$(inherited) @executable_path/Frameworks @loader_path/Frameworks";
				PRODUCT_NAME = "$(TARGET_NAME)";
				TEST_HOST = "$(BUILT_PRODUCTS_DIR)/CapitolWords.app/CapitolWords";
			};
			name = Release;
		};
/* End XCBuildConfiguration section */

/* Begin XCConfigurationList section */
		C07C3D2D1A361F5000B78E9F /* Build configuration list for PBXProject "CapitolWords" */ = {
			isa = XCConfigurationList;
			buildConfigurations = (
				C07C3D561A361F5000B78E9F /* Debug */,
				C07C3D571A361F5000B78E9F /* Release */,
			);
			defaultConfigurationIsVisible = 0;
			defaultConfigurationName = Release;
		};
		C07C3D581A361F5000B78E9F /* Build configuration list for PBXNativeTarget "CapitolWords" */ = {
			isa = XCConfigurationList;
			buildConfigurations = (
				C07C3D591A361F5000B78E9F /* Debug */,
				C07C3D5A1A361F5000B78E9F /* Release */,
			);
			defaultConfigurationIsVisible = 0;
			defaultConfigurationName = Release;
		};
		C07C3D5B1A361F5000B78E9F /* Build configuration list for PBXNativeTarget "CapitolWordsTests" */ = {
			isa = XCConfigurationList;
			buildConfigurations = (
				C07C3D5C1A361F5000B78E9F /* Debug */,
				C07C3D5D1A361F5000B78E9F /* Release */,
			);
			defaultConfigurationIsVisible = 0;
			defaultConfigurationName = Release;
		};
/* End XCConfigurationList section */
	};
	rootObject = C07C3D2A1A361F5000B78E9F /* Project object */;
}
